
Microsoft Visual Studio Solution File, Format Version 12.00
# Visual Studio Version 16
VisualStudioVersion = 16.0.31129.286
MinimumVisualStudioVersion = 10.0.40219.1
Project("{9A19103F-16F7-4668-BE54-9A1E7A4F7556}") = "FinalProject", "FinalProject\FinalProject.csproj", "{FBCA85FA-1AE9-46D9-AF84-02ADD21E8F61}"
EndProject
Project("{9A19103F-16F7-4668-BE54-9A1E7A4F7556}") = "IdentityExample", "IdentityExample\IdentityExample.csproj", "{B1BCA202-EF54-4E70-ADF4-9DE0DB556E02}"
EndProject
Project("{2150E333-8FDC-42A3-9474-1A3956D46DE8}") = "Solution Items", "Solution Items", "{D69CBB73-5C83-4339-97C7-618B783CBF50}"
	ProjectSection(SolutionItems) = preProject
		.editorconfig = .editorconfig
	EndProjectSection
EndProject
Project("{2150E333-8FDC-42A3-9474-1A3956D46DE8}") = "Final", "Final", "{C5BD53AB-F04C-41C8-A690-A9A70FE41EE0}"
EndProject
Project("{2150E333-8FDC-42A3-9474-1A3956D46DE8}") = "oauth", "oauth", "{EFD36721-E2AE-4CC1-86AD-DF58A188DD88}"
EndProject
Project("{FAE04EC0-301F-11D3-BF4B-00C04F79EFBC}") = "Server", "Server\Server.csproj", "{3C236305-EA9D-4637-B6BD-1D6F5F56C877}"
EndProject
Project("{FAE04EC0-301F-11D3-BF4B-00C04F79EFBC}") = "Client", "Client\Client.csproj", "{651D607D-1094-4D60-BC7A-16A938813C71}"
EndProject
Global
	GlobalSection(SolutionConfigurationPlatforms) = preSolution
		Debug|Any CPU = Debug|Any CPU
		Release|Any CPU = Release|Any CPU
	EndGlobalSection
	GlobalSection(ProjectConfigurationPlatforms) = postSolution
		{FBCA85FA-1AE9-46D9-AF84-02ADD21E8F61}.Debug|Any CPU.ActiveCfg = Debug|Any CPU
		{FBCA85FA-1AE9-46D9-AF84-02ADD21E8F61}.Debug|Any CPU.Build.0 = Debug|Any CPU
		{FBCA85FA-1AE9-46D9-AF84-02ADD21E8F61}.Release|Any CPU.ActiveCfg = Release|Any CPU
		{FBCA85FA-1AE9-46D9-AF84-02ADD21E8F61}.Release|Any CPU.Build.0 = Release|Any CPU
		{B1BCA202-EF54-4E70-ADF4-9DE0DB556E02}.Debug|Any CPU.ActiveCfg = Debug|Any CPU
		{B1BCA202-EF54-4E70-ADF4-9DE0DB556E02}.Debug|Any CPU.Build.0 = Debug|Any CPU
		{B1BCA202-EF54-4E70-ADF4-9DE0DB556E02}.Release|Any CPU.ActiveCfg = Release|Any CPU
		{B1BCA202-EF54-4E70-ADF4-9DE0DB556E02}.Release|Any CPU.Build.0 = Release|Any CPU
		{3C236305-EA9D-4637-B6BD-1D6F5F56C877}.Debug|Any CPU.ActiveCfg = Debug|Any CPU
		{3C236305-EA9D-4637-B6BD-1D6F5F56C877}.Debug|Any CPU.Build.0 = Debug|Any CPU
		{3C236305-EA9D-4637-B6BD-1D6F5F56C877}.Release|Any CPU.ActiveCfg = Release|Any CPU
		{3C236305-EA9D-4637-B6BD-1D6F5F56C877}.Release|Any CPU.Build.0 = Release|Any CPU
		{651D607D-1094-4D60-BC7A-16A938813C71}.Debug|Any CPU.ActiveCfg = Debug|Any CPU
		{651D607D-1094-4D60-BC7A-16A938813C71}.Debug|Any CPU.Build.0 = Debug|Any CPU
		{651D607D-1094-4D60-BC7A-16A938813C71}.Release|Any CPU.ActiveCfg = Release|Any CPU
		{651D607D-1094-4D60-BC7A-16A938813C71}.Release|Any CPU.Build.0 = Release|Any CPU
	EndGlobalSection
	GlobalSection(SolutionProperties) = preSolution
		HideSolutionNode = FALSE
	EndGlobalSection
	GlobalSection(NestedProjects) = preSolution
		{FBCA85FA-1AE9-46D9-AF84-02ADD21E8F61} = {C5BD53AB-F04C-41C8-A690-A9A70FE41EE0}
		{B1BCA202-EF54-4E70-ADF4-9DE0DB556E02} = {C5BD53AB-F04C-41C8-A690-A9A70FE41EE0}
		{3C236305-EA9D-4637-B6BD-1D6F5F56C877} = {EFD36721-E2AE-4CC1-86AD-DF58A188DD88}
		{651D607D-1094-4D60-BC7A-16A938813C71} = {EFD36721-E2AE-4CC1-86AD-DF58A188DD88}
	EndGlobalSection
	GlobalSection(ExtensibilityGlobals) = postSolution
		SolutionGuid = {A9DBD8F3-A245-4467-A332-AAC041A8C639}
	EndGlobalSection
EndGlobal
